// !$*UTF8*$!
{
	archiveVersion = 1;
	classes = {
	};
	objectVersion = 77;
	objects = {

/* Begin PBXBuildFile section */
		614529042DA880F8005131E3 /* AppDelegate.swift in Sources */ = {isa = PBXBuildFile; fileRef = 614529032DA880F8005131E3 /* AppDelegate.swift */; };
		61E042772DA745AB0065DF21 /* MijickCalendarView in Frameworks */ = {isa = PBXBuildFile; productRef = 61E042762DA745AB0065DF21 /* MijickCalendarView */; };
		61E0427A2DA747A20065DF21 /* MijickNavigationView in Frameworks */ = {isa = PBXBuildFile; productRef = 61E042792DA747A20065DF21 /* MijickNavigationView */; };
/* End PBXBuildFile section */

/* Begin PBXContainerItemProxy section */
		610BDB332DA0F5C10048EFA4 /* PBXContainerItemProxy */ = {
			isa = PBXContainerItemProxy;
			containerPortal = 610BDB1D2DA0F5BF0048EFA4 /* Project object */;
			proxyType = 1;
			remoteGlobalIDString = 610BDB242DA0F5C00048EFA4;
			remoteInfo = PlanIt;
		};
		610BDB3D2DA0F5C10048EFA4 /* PBXContainerItemProxy */ = {
			isa = PBXContainerItemProxy;
			containerPortal = 610BDB1D2DA0F5BF0048EFA4 /* Project object */;
			proxyType = 1;
			remoteGlobalIDString = 610BDB242DA0F5C00048EFA4;
			remoteInfo = PlanIt;
		};
/* End PBXContainerItemProxy section */

/* Begin PBXFileReference section */
		610BDB252DA0F5C00048EFA4 /* PlanIt.app */ = {isa = PBXFileReference; explicitFileType = wrapper.application; includeInIndex = 0; path = PlanIt.app; sourceTree = BUILT_PRODUCTS_DIR; };
		610BDB322DA0F5C10048EFA4 /* PlanItTests.xctest */ = {isa = PBXFileReference; explicitFileType = wrapper.cfbundle; includeInIndex = 0; path = PlanItTests.xctest; sourceTree = BUILT_PRODUCTS_DIR; };
		610BDB3C2DA0F5C10048EFA4 /* PlanItUITests.xctest */ = {isa = PBXFileReference; explicitFileType = wrapper.cfbundle; includeInIndex = 0; path = PlanItUITests.xctest; sourceTree = BUILT_PRODUCTS_DIR; };
		614529032DA880F8005131E3 /* AppDelegate.swift */ = {isa = PBXFileReference; lastKnownFileType = sourcecode.swift; path = AppDelegate.swift; sourceTree = "<group>"; };
/* End PBXFileReference section */

/* Begin PBXFileSystemSynchronizedBuildFileExceptionSet section */
		614528FE2DA85011005131E3 /* Exceptions for "PlanIt" folder in "PlanIt" target */ = {
			isa = PBXFileSystemSynchronizedBuildFileExceptionSet;
			membershipExceptions = (
				Info.plist,
			);
			target = 610BDB242DA0F5C00048EFA4 /* PlanIt */;
		};
/* End PBXFileSystemSynchronizedBuildFileExceptionSet section */

/* Begin PBXFileSystemSynchronizedRootGroup section */
		610BDB272DA0F5C00048EFA4 /* PlanIt */ = {
			isa = PBXFileSystemSynchronizedRootGroup;
			exceptions = (
				614528FE2DA85011005131E3 /* Exceptions for "PlanIt" folder in "PlanIt" target */,
			);
			path = PlanIt;
			sourceTree = "<group>";
		};
		610BDB352DA0F5C10048EFA4 /* PlanItTests */ = {
			isa = PBXFileSystemSynchronizedRootGroup;
			path = PlanItTests;
			sourceTree = "<group>";
		};
		610BDB3F2DA0F5C10048EFA4 /* PlanItUITests */ = {
			isa = PBXFileSystemSynchronizedRootGroup;
			path = PlanItUITests;
			sourceTree = "<group>";
		};
/* End PBXFileSystemSynchronizedRootGroup section */

/* Begin PBXFrameworksBuildPhase section */
		610BDB222DA0F5C00048EFA4 /* Frameworks */ = {
			isa = PBXFrameworksBuildPhase;
			buildActionMask = 2147483647;
			files = (
				61E0427A2DA747A20065DF21 /* MijickNavigationView in Frameworks */,
				61E042772DA745AB0065DF21 /* MijickCalendarView in Frameworks */,
			);
			runOnlyForDeploymentPostprocessing = 0;
		};
		610BDB2F2DA0F5C10048EFA4 /* Frameworks */ = {
			isa = PBXFrameworksBuildPhase;
			buildActionMask = 2147483647;
			files = (
			);
			runOnlyForDeploymentPostprocessing = 0;
		};
		610BDB392DA0F5C10048EFA4 /* Frameworks */ = {
			isa = PBXFrameworksBuildPhase;
			buildActionMask = 2147483647;
			files = (
			);
			runOnlyForDeploymentPostprocessing = 0;
		};
/* End PBXFrameworksBuildPhase section */

/* Begin PBXGroup section */
		610BDB1C2DA0F5BF0048EFA4 = {
			isa = PBXGroup;
			children = (
				614529032DA880F8005131E3 /* AppDelegate.swift */,
				610BDB272DA0F5C00048EFA4 /* PlanIt */,
				610BDB352DA0F5C10048EFA4 /* PlanItTests */,
				610BDB3F2DA0F5C10048EFA4 /* PlanItUITests */,
				610BDB262DA0F5C00048EFA4 /* Products */,
			);
			sourceTree = "<group>";
		};
		610BDB262DA0F5C00048EFA4 /* Products */ = {
			isa = PBXGroup;
			children = (
				610BDB252DA0F5C00048EFA4 /* PlanIt.app */,
				610BDB322DA0F5C10048EFA4 /* PlanItTests.xctest */,
				610BDB3C2DA0F5C10048EFA4 /* PlanItUITests.xctest */,
			);
			name = Products;
			sourceTree = "<group>";
		};
/* End PBXGroup section */

/* Begin PBXNativeTarget section */
		610BDB242DA0F5C00048EFA4 /* PlanIt */ = {
			isa = PBXNativeTarget;
			buildConfigurationList = 610BDB462DA0F5C10048EFA4 /* Build configuration list for PBXNativeTarget "PlanIt" */;
			buildPhases = (
				610BDB212DA0F5C00048EFA4 /* Sources */,
				610BDB222DA0F5C00048EFA4 /* Frameworks */,
				610BDB232DA0F5C00048EFA4 /* Resources */,
			);
			buildRules = (
			);
			dependencies = (
			);
			fileSystemSynchronizedGroups = (
				610BDB272DA0F5C00048EFA4 /* PlanIt */,
			);
			name = PlanIt;
			packageProductDependencies = (
				61E042762DA745AB0065DF21 /* MijickCalendarView */,
				61E042792DA747A20065DF21 /* MijickNavigationView */,
			);
			productName = PlanIt;
			productReference = 610BDB252DA0F5C00048EFA4 /* PlanIt.app */;
			productType = "com.apple.product-type.application";
		};
		610BDB312DA0F5C10048EFA4 /* PlanItTests */ = {
			isa = PBXNativeTarget;
			buildConfigurationList = 610BDB492DA0F5C10048EFA4 /* Build configuration list for PBXNativeTarget "PlanItTests" */;
			buildPhases = (
				610BDB2E2DA0F5C10048EFA4 /* Sources */,
				610BDB2F2DA0F5C10048EFA4 /* Frameworks */,
				610BDB302DA0F5C10048EFA4 /* Resources */,
			);
			buildRules = (
			);
			dependencies = (
				610BDB342DA0F5C10048EFA4 /* PBXTargetDependency */,
			);
			fileSystemSynchronizedGroups = (
				610BDB352DA0F5C10048EFA4 /* PlanItTests */,
			);
			name = PlanItTests;
			packageProductDependencies = (
			);
			productName = PlanItTests;
			productReference = 610BDB322DA0F5C10048EFA4 /* PlanItTests.xctest */;
			productType = "com.apple.product-type.bundle.unit-test";
		};
		610BDB3B2DA0F5C10048EFA4 /* PlanItUITests */ = {
			isa = PBXNativeTarget;
			buildConfigurationList = 610BDB4C2DA0F5C10048EFA4 /* Build configuration list for PBXNativeTarget "PlanItUITests" */;
			buildPhases = (
				610BDB382DA0F5C10048EFA4 /* Sources */,
				610BDB392DA0F5C10048EFA4 /* Frameworks */,
				610BDB3A2DA0F5C10048EFA4 /* Resources */,
			);
			buildRules = (
			);
			dependencies = (
				610BDB3E2DA0F5C10048EFA4 /* PBXTargetDependency */,
			);
			fileSystemSynchronizedGroups = (
				610BDB3F2DA0F5C10048EFA4 /* PlanItUITests */,
			);
			name = PlanItUITests;
			packageProductDependencies = (
			);
			productName = PlanItUITests;
			productReference = 610BDB3C2DA0F5C10048EFA4 /* PlanItUITests.xctest */;
			productType = "com.apple.product-type.bundle.ui-testing";
		};
/* End PBXNativeTarget section */

/* Begin PBXProject section */
		610BDB1D2DA0F5BF0048EFA4 /* Project object */ = {
			isa = PBXProject;
			attributes = {
				BuildIndependentTargetsInParallel = 1;
				LastSwiftUpdateCheck = 1630;
				LastUpgradeCheck = 1630;
				TargetAttributes = {
					610BDB242DA0F5C00048EFA4 = {
						CreatedOnToolsVersion = 16.3;
					};
					610BDB312DA0F5C10048EFA4 = {
						CreatedOnToolsVersion = 16.3;
						TestTargetID = 610BDB242DA0F5C00048EFA4;
					};
					610BDB3B2DA0F5C10048EFA4 = {
						CreatedOnToolsVersion = 16.3;
						TestTargetID = 610BDB242DA0F5C00048EFA4;
					};
				};
			};
			buildConfigurationList = 610BDB202DA0F5BF0048EFA4 /* Build configuration list for PBXProject "PlanIt" */;
			developmentRegion = en;
			hasScannedForEncodings = 0;
			knownRegions = (
				en,
				Base,
			);
			mainGroup = 610BDB1C2DA0F5BF0048EFA4;
			minimizedProjectReferenceProxies = 1;
			packageReferences = (
				61E042752DA745AB0065DF21 /* XCRemoteSwiftPackageReference "CalendarView" */,
				61E042782DA747A20065DF21 /* XCRemoteSwiftPackageReference "NavigationView" */,
			);
			preferredProjectObjectVersion = 77;
			productRefGroup = 610BDB262DA0F5C00048EFA4 /* Products */;
			projectDirPath = "";
			projectRoot = "";
			targets = (
				610BDB242DA0F5C00048EFA4 /* PlanIt */,
				610BDB312DA0F5C10048EFA4 /* PlanItTests */,
				610BDB3B2DA0F5C10048EFA4 /* PlanItUITests */,
			);
		};
/* End PBXProject section */

/* Begin PBXResourcesBuildPhase section */
		610BDB232DA0F5C00048EFA4 /* Resources */ = {
			isa = PBXResourcesBuildPhase;
			buildActionMask = 2147483647;
			files = (
			);
			runOnlyForDeploymentPostprocessing = 0;
		};
		610BDB302DA0F5C10048EFA4 /* Resources */ = {
			isa = PBXResourcesBuildPhase;
			buildActionMask = 2147483647;
			files = (
			);
			runOnlyForDeploymentPostprocessing = 0;
		};
		610BDB3A2DA0F5C10048EFA4 /* Resources */ = {
			isa = PBXResourcesBuildPhase;
			buildActionMask = 2147483647;
			files = (
			);
			runOnlyForDeploymentPostprocessing = 0;
		};
/* End PBXResourcesBuildPhase section */

/* Begin PBXSourcesBuildPhase section */
		610BDB212DA0F5C00048EFA4 /* Sources */ = {
			isa = PBXSourcesBuildPhase;
			buildActionMask = 2147483647;
			files = (
				614529042DA880F8005131E3 /* AppDelegate.swift in Sources */,
			);
			runOnlyForDeploymentPostprocessing = 0;
		};
		610BDB2E2DA0F5C10048EFA4 /* Sources */ = {
			isa = PBXSourcesBuildPhase;
			buildActionMask = 2147483647;
			files = (
			);
			runOnlyForDeploymentPostprocessing = 0;
		};
		610BDB382DA0F5C10048EFA4 /* Sources */ = {
			isa = PBXSourcesBuildPhase;
			buildActionMask = 2147483647;
			files = (
			);
			runOnlyForDeploymentPostprocessing = 0;
		};
/* End PBXSourcesBuildPhase section */

/* Begin PBXTargetDependency section */
		610BDB342DA0F5C10048EFA4 /* PBXTargetDependency */ = {
			isa = PBXTargetDependency;
			target = 610BDB242DA0F5C00048EFA4 /* PlanIt */;
			targetProxy = 610BDB332DA0F5C10048EFA4 /* PBXContainerItemProxy */;
		};
		610BDB3E2DA0F5C10048EFA4 /* PBXTargetDependency */ = {
			isa = PBXTargetDependency;
			target = 610BDB242DA0F5C00048EFA4 /* PlanIt */;
			targetProxy = 610BDB3D2DA0F5C10048EFA4 /* PBXContainerItemProxy */;
		};
/* End PBXTargetDependency section */

/* Begin XCBuildConfiguration section */
		610BDB442DA0F5C10048EFA4 /* Debug */ = {
			isa = XCBuildConfiguration;
			buildSettings = {
				ALWAYS_SEARCH_USER_PATHS = NO;
				ASSETCATALOG_COMPILER_GENERATE_SWIFT_ASSET_SYMBOL_EXTENSIONS = YES;
				CLANG_ANALYZER_NONNULL = YES;
				CLANG_ANALYZER_NUMBER_OBJECT_CONVERSION = YES_AGGRESSIVE;
				CLANG_CXX_LANGUAGE_STANDARD = "gnu++20";
				CLANG_ENABLE_MODULES = YES;
				CLANG_ENABLE_OBJC_ARC = YES;
				CLANG_ENABLE_OBJC_WEAK = YES;
				CLANG_WARN_BLOCK_CAPTURE_AUTORELEASING = YES;
				CLANG_WARN_BOOL_CONVERSION = YES;
				CLANG_WARN_COMMA = YES;
				CLANG_WARN_CONSTANT_CONVERSION = YES;
				CLANG_WARN_DEPRECATED_OBJC_IMPLEMENTATIONS = YES;
				CLANG_WARN_DIRECT_OBJC_ISA_USAGE = YES_ERROR;
				CLANG_WARN_DOCUMENTATION_COMMENTS = YES;
				CLANG_WARN_EMPTY_BODY = YES;
				CLANG_WARN_ENUM_CONVERSION = YES;
				CLANG_WARN_INFINITE_RECURSION = YES;
				CLANG_WARN_INT_CONVERSION = YES;
				CLANG_WARN_NON_LITERAL_NULL_CONVERSION = YES;
				CLANG_WARN_OBJC_IMPLICIT_RETAIN_SELF = YES;
				CLANG_WARN_OBJC_LITERAL_CONVERSION = YES;
				CLANG_WARN_OBJC_ROOT_CLASS = YES_ERROR;
				CLANG_WARN_QUOTED_INCLUDE_IN_FRAMEWORK_HEADER = YES;
				CLANG_WARN_RANGE_LOOP_ANALYSIS = YES;
				CLANG_WARN_STRICT_PROTOTYPES = YES;
				CLANG_WARN_SUSPICIOUS_MOVE = YES;
				CLANG_WARN_UNGUARDED_AVAILABILITY = YES_AGGRESSIVE;
				CLANG_WARN_UNREACHABLE_CODE = YES;
				CLANG_WARN__DUPLICATE_METHOD_MATCH = YES;
				COPY_PHASE_STRIP = NO;
				DEBUG_INFORMATION_FORMAT = dwarf;
				DEVELOPMENT_TEAM = LNK35LFKQT;
				ENABLE_STRICT_OBJC_MSGSEND = YES;
				ENABLE_TESTABILITY = YES;
				ENABLE_USER_SCRIPT_SANDBOXING = YES;
				GCC_C_LANGUAGE_STANDARD = gnu17;
				GCC_DYNAMIC_NO_PIC = NO;
				GCC_NO_COMMON_BLOCKS = YES;
				GCC_OPTIMIZATION_LEVEL = 0;
				GCC_PREPROCESSOR_DEFINITIONS = (
					"DEBUG=1",
					"$(inherited)",
				);
				GCC_WARN_64_TO_32_BIT_CONVERSION = YES;
				GCC_WARN_ABOUT_RETURN_TYPE = YES_ERROR;
				GCC_WARN_UNDECLARED_SELECTOR = YES;
				GCC_WARN_UNINITIALIZED_AUTOS = YES_AGGRESSIVE;
				GCC_WARN_UNUSED_FUNCTION = YES;
				GCC_WARN_UNUSED_VARIABLE = YES;
				IPHONEOS_DEPLOYMENT_TARGET = 18.4;
				LOCALIZATION_PREFERS_STRING_CATALOGS = YES;
				MTL_ENABLE_DEBUG_INFO = INCLUDE_SOURCE;
				MTL_FAST_MATH = YES;
				ONLY_ACTIVE_ARCH = YES;
				SDKROOT = iphoneos;
				SWIFT_ACTIVE_COMPILATION_CONDITIONS = "DEBUG $(inherited)";
				SWIFT_OPTIMIZATION_LEVEL = "-Onone";
			};
			name = Debug;
		};
		610BDB452DA0F5C10048EFA4 /* Release */ = {
			isa = XCBuildConfiguration;
			buildSettings = {
				ALWAYS_SEARCH_USER_PATHS = NO;
				ASSETCATALOG_COMPILER_GENERATE_SWIFT_ASSET_SYMBOL_EXTENSIONS = YES;
				CLANG_ANALYZER_NONNULL = YES;
				CLANG_ANALYZER_NUMBER_OBJECT_CONVERSION = YES_AGGRESSIVE;
				CLANG_CXX_LANGUAGE_STANDARD = "gnu++20";
				CLANG_ENABLE_MODULES = YES;
				CLANG_ENABLE_OBJC_ARC = YES;
				CLANG_ENABLE_OBJC_WEAK = YES;
				CLANG_WARN_BLOCK_CAPTURE_AUTORELEASING = YES;
				CLANG_WARN_BOOL_CONVERSION = YES;
				CLANG_WARN_COMMA = YES;
				CLANG_WARN_CONSTANT_CONVERSION = YES;
				CLANG_WARN_DEPRECATED_OBJC_IMPLEMENTATIONS = YES;
				CLANG_WARN_DIRECT_OBJC_ISA_USAGE = YES_ERROR;
				CLANG_WARN_DOCUMENTATION_COMMENTS = YES;
				CLANG_WARN_EMPTY_BODY = YES;
				CLANG_WARN_ENUM_CONVERSION = YES;
				CLANG_WARN_INFINITE_RECURSION = YES;
				CLANG_WARN_INT_CONVERSION = YES;
				CLANG_WARN_NON_LITERAL_NULL_CONVERSION = YES;
				CLANG_WARN_OBJC_IMPLICIT_RETAIN_SELF = YES;
				CLANG_WARN_OBJC_LITERAL_CONVERSION = YES;
				CLANG_WARN_OBJC_ROOT_CLASS = YES_ERROR;
				CLANG_WARN_QUOTED_INCLUDE_IN_FRAMEWORK_HEADER = YES;
				CLANG_WARN_RANGE_LOOP_ANALYSIS = YES;
				CLANG_WARN_STRICT_PROTOTYPES = YES;
				CLANG_WARN_SUSPICIOUS_MOVE = YES;
				CLANG_WARN_UNGUARDED_AVAILABILITY = YES_AGGRESSIVE;
				CLANG_WARN_UNREACHABLE_CODE = YES;
				CLANG_WARN__DUPLICATE_METHOD_MATCH = YES;
				COPY_PHASE_STRIP = NO;
				DEBUG_INFORMATION_FORMAT = "dwarf-with-dsym";
				DEVELOPMENT_TEAM = LNK35LFKQT;
				ENABLE_NS_ASSERTIONS = NO;
				ENABLE_STRICT_OBJC_MSGSEND = YES;
				ENABLE_USER_SCRIPT_SANDBOXING = YES;
				GCC_C_LANGUAGE_STANDARD = gnu17;
				GCC_NO_COMMON_BLOCKS = YES;
				GCC_WARN_64_TO_32_BIT_CONVERSION = YES;
				GCC_WARN_ABOUT_RETURN_TYPE = YES_ERROR;
				GCC_WARN_UNDECLARED_SELECTOR = YES;
				GCC_WARN_UNINITIALIZED_AUTOS = YES_AGGRESSIVE;
				GCC_WARN_UNUSED_FUNCTION = YES;
				GCC_WARN_UNUSED_VARIABLE = YES;
				IPHONEOS_DEPLOYMENT_TARGET = 18.4;
				LOCALIZATION_PREFERS_STRING_CATALOGS = YES;
				MTL_ENABLE_DEBUG_INFO = NO;
				MTL_FAST_MATH = YES;
				SDKROOT = iphoneos;
				SWIFT_COMPILATION_MODE = wholemodule;
				VALIDATE_PRODUCT = YES;
			};
			name = Release;
		};
		610BDB472DA0F5C10048EFA4 /* Debug */ = {
			isa = XCBuildConfiguration;
			buildSettings = {
				ASSETCATALOG_COMPILER_APPICON_NAME = AppIcon;
				ASSETCATALOG_COMPILER_GLOBAL_ACCENT_COLOR_NAME = AccentColor;
				CODE_SIGN_STYLE = Automatic;
				CURRENT_PROJECT_VERSION = 1;
				DEVELOPMENT_TEAM = LNK35LFKQT;
				ENABLE_PREVIEWS = YES;
				GENERATE_INFOPLIST_FILE = YES;
				INFOPLIST_FILE = PlanIt/Info.plist;
				INFOPLIST_KEY_UIApplicationSceneManifest_Generation = YES;
				INFOPLIST_KEY_UIApplicationSupportsIndirectInputEvents = YES;
				INFOPLIST_KEY_UILaunchScreen_Generation = YES;
				INFOPLIST_KEY_UISupportedInterfaceOrientations_iPad = "UIInterfaceOrientationPortrait UIInterfaceOrientationPortraitUpsideDown UIInterfaceOrientationLandscapeLeft UIInterfaceOrientationLandscapeRight";
				INFOPLIST_KEY_UISupportedInterfaceOrientations_iPhone = "UIInterfaceOrientationPortrait UIInterfaceOrientationLandscapeLeft UIInterfaceOrientationLandscapeRight";
				LD_RUNPATH_SEARCH_PATHS = (
					"$(inherited)",
					"@executable_path/Frameworks",
				);
				MARKETING_VERSION = 1.0;
				PRODUCT_BUNDLE_IDENTIFIER = com.Sean.Bremer.PlanIt;
				PRODUCT_NAME = "$(TARGET_NAME)";
				SWIFT_EMIT_LOC_STRINGS = YES;
				SWIFT_VERSION = 5.0;
				TARGETED_DEVICE_FAMILY = "1,2";
			};
			name = Debug;
		};
		610BDB482DA0F5C10048EFA4 /* Release */ = {
			isa = XCBuildConfiguration;
			buildSettings = {
				ASSETCATALOG_COMPILER_APPICON_NAME = AppIcon;
				ASSETCATALOG_COMPILER_GLOBAL_ACCENT_COLOR_NAME = AccentColor;
				CODE_SIGN_STYLE = Automatic;
				CURRENT_PROJECT_VERSION = 1;
				DEVELOPMENT_TEAM = LNK35LFKQT;
				ENABLE_PREVIEWS = YES;
				GENERATE_INFOPLIST_FILE = YES;
				INFOPLIST_FILE = PlanIt/Info.plist;
				INFOPLIST_KEY_UIApplicationSceneManifest_Generation = YES;
				INFOPLIST_KEY_UIApplicationSupportsIndirectInputEvents = YES;
				INFOPLIST_KEY_UILaunchScreen_Generation = YES;
				INFOPLIST_KEY_UISupportedInterfaceOrientations_iPad = "UIInterfaceOrientationPortrait UIInterfaceOrientationPortraitUpsideDown UIInterfaceOrientationLandscapeLeft UIInterfaceOrientationLandscapeRight";
				INFOPLIST_KEY_UISupportedInterfaceOrientations_iPhone = "UIInterfaceOrientationPortrait UIInterfaceOrientationLandscapeLeft UIInterfaceOrientationLandscapeRight";
				LD_RUNPATH_SEARCH_PATHS = (
					"$(inherited)",
					"@executable_path/Frameworks",
				);
				MARKETING_VERSION = 1.0;
				PRODUCT_BUNDLE_IDENTIFIER = com.Sean.Bremer.PlanIt;
				PRODUCT_NAME = "$(TARGET_NAME)";
				SWIFT_EMIT_LOC_STRINGS = YES;
				SWIFT_VERSION = 5.0;
				TARGETED_DEVICE_FAMILY = "1,2";
			};
			name = Release;
		};
		610BDB4A2DA0F5C10048EFA4 /* Debug */ = {
			isa = XCBuildConfiguration;
			buildSettings = {
				BUNDLE_LOADER = "$(TEST_HOST)";
				CODE_SIGN_STYLE = Automatic;
				CURRENT_PROJECT_VERSION = 1;
				DEVELOPMENT_TEAM = LNK35LFKQT;
				GENERATE_INFOPLIST_FILE = YES;
				IPHONEOS_DEPLOYMENT_TARGET = 18.4;
				MARKETING_VERSION = 1.0;
				PRODUCT_BUNDLE_IDENTIFIER = com.Sean.Bremer.PlanItTests;
				PRODUCT_NAME = "$(TARGET_NAME)";
				SWIFT_EMIT_LOC_STRINGS = NO;
				SWIFT_VERSION = 5.0;
				TARGETED_DEVICE_FAMILY = "1,2";
				TEST_HOST = "$(BUILT_PRODUCTS_DIR)/PlanIt.app/$(BUNDLE_EXECUTABLE_FOLDER_PATH)/PlanIt";
			};
			name = Debug;
		};
		610BDB4B2DA0F5C10048EFA4 /* Release */ = {
			isa = XCBuildConfiguration;
			buildSettings = {
				BUNDLE_LOADER = "$(TEST_HOST)";
				CODE_SIGN_STYLE = Automatic;
				CURRENT_PROJECT_VERSION = 1;
				DEVELOPMENT_TEAM = LNK35LFKQT;
				GENERATE_INFOPLIST_FILE = YES;
				IPHONEOS_DEPLOYMENT_TARGET = 18.4;
				MARKETING_VERSION = 1.0;
				PRODUCT_BUNDLE_IDENTIFIER = com.Sean.Bremer.PlanItTests;
				PRODUCT_NAME = "$(TARGET_NAME)";
				SWIFT_EMIT_LOC_STRINGS = NO;
				SWIFT_VERSION = 5.0;
				TARGETED_DEVICE_FAMILY = "1,2";
				TEST_HOST = "$(BUILT_PRODUCTS_DIR)/PlanIt.app/$(BUNDLE_EXECUTABLE_FOLDER_PATH)/PlanIt";
			};
			name = Release;
		};
		610BDB4D2DA0F5C10048EFA4 /* Debug */ = {
			isa = XCBuildConfiguration;
			buildSettings = {
				CODE_SIGN_STYLE = Automatic;
				CURRENT_PROJECT_VERSION = 1;
				DEVELOPMENT_TEAM = LNK35LFKQT;
				GENERATE_INFOPLIST_FILE = YES;
				MARKETING_VERSION = 1.0;
				PRODUCT_BUNDLE_IDENTIFIER = com.Sean.Bremer.PlanItUITests;
				PRODUCT_NAME = "$(TARGET_NAME)";
				SWIFT_EMIT_LOC_STRINGS = NO;
				SWIFT_VERSION = 5.0;
				TARGETED_DEVICE_FAMILY = "1,2";
				TEST_TARGET_NAME = PlanIt;
			};
			name = Debug;
		};
		610BDB4E2DA0F5C10048EFA4 /* Release */ = {
			isa = XCBuildConfiguration;
			buildSettings = {
				CODE_SIGN_STYLE = Automatic;
				CURRENT_PROJECT_VERSION = 1;
				DEVELOPMENT_TEAM = LNK35LFKQT;
				GENERATE_INFOPLIST_FILE = YES;
				MARKETING_VERSION = 1.0;
				PRODUCT_BUNDLE_IDENTIFIER = com.Sean.Bremer.PlanItUITests;
				PRODUCT_NAME = "$(TARGET_NAME)";
				SWIFT_EMIT_LOC_STRINGS = NO;
				SWIFT_VERSION = 5.0;
				TARGETED_DEVICE_FAMILY = "1,2";
				TEST_TARGET_NAME = PlanIt;
			};
			name = Release;
		};
/* End XCBuildConfiguration section */

/* Begin XCConfigurationList section */
		610BDB202DA0F5BF0048EFA4 /* Build configuration list for PBXProject "PlanIt" */ = {
			isa = XCConfigurationList;
			buildConfigurations = (
				610BDB442DA0F5C10048EFA4 /* Debug */,
				610BDB452DA0F5C10048EFA4 /* Release */,
			);
			defaultConfigurationIsVisible = 0;
			defaultConfigurationName = Release;
		};
		610BDB462DA0F5C10048EFA4 /* Build configuration list for PBXNativeTarget "PlanIt" */ = {
			isa = XCConfigurationList;
			buildConfigurations = (
				610BDB472DA0F5C10048EFA4 /* Debug */,
				610BDB482DA0F5C10048EFA4 /* Release */,
			);
			defaultConfigurationIsVisible = 0;
			defaultConfigurationName = Release;
		};
		610BDB492DA0F5C10048EFA4 /* Build configuration list for PBXNativeTarget "PlanItTests" */ = {
			isa = XCConfigurationList;
			buildConfigurations = (
				610BDB4A2DA0F5C10048EFA4 /* Debug */,
				610BDB4B2DA0F5C10048EFA4 /* Release */,
			);
			defaultConfigurationIsVisible = 0;
			defaultConfigurationName = Release;
		};
		610BDB4C2DA0F5C10048EFA4 /* Build configuration list for PBXNativeTarget "PlanItUITests" */ = {
			isa = XCConfigurationList;
			buildConfigurations = (
				610BDB4D2DA0F5C10048EFA4 /* Debug */,
				610BDB4E2DA0F5C10048EFA4 /* Release */,
			);
			defaultConfigurationIsVisible = 0;
			defaultConfigurationName = Release;
		};
/* End XCConfigurationList section */

/* Begin XCRemoteSwiftPackageReference section */
		61E042752DA745AB0065DF21 /* XCRemoteSwiftPackageReference "CalendarView" */ = {
			isa = XCRemoteSwiftPackageReference;
			repositoryURL = "https://github.com/Mijick/CalendarView";
			requirement = {
				kind = upToNextMajorVersion;
				minimumVersion = 1.0.0;
			};
		};
		61E042782DA747A20065DF21 /* XCRemoteSwiftPackageReference "NavigationView" */ = {
			isa = XCRemoteSwiftPackageReference;
			repositoryURL = "https://github.com/Mijick/NavigationView";
			requirement = {
				kind = upToNextMajorVersion;
				minimumVersion = 1.1.3;
			};
		};
/* End XCRemoteSwiftPackageReference section */

/* Begin XCSwiftPackageProductDependency section */
		61E042762DA745AB0065DF21 /* MijickCalendarView */ = {
			isa = XCSwiftPackageProductDependency;
			package = 61E042752DA745AB0065DF21 /* XCRemoteSwiftPackageReference "CalendarView" */;
			productName = MijickCalendarView;
		};
		61E042792DA747A20065DF21 /* MijickNavigationView */ = {
			isa = XCSwiftPackageProductDependency;
			package = 61E042782DA747A20065DF21 /* XCRemoteSwiftPackageReference "NavigationView" */;
			productName = MijickNavigationView;
		};
/* End XCSwiftPackageProductDependency section */
	};
	rootObject = 610BDB1D2DA0F5BF0048EFA4 /* Project object */;
}
